
Microsoft Visual Studio Solution File, Format Version 12.00
# Visual Studio Version 17
VisualStudioVersion = 17.0.32014.148
MinimumVisualStudioVersion = 10.0.40219.1
Project("{F2A71F9B-5D33-465A-A702-920D77279786}") = "6.9.(46)", "6.9.(46)\6.9.(46).fsproj", "{A50F6EB2-6DBB-4742-A2F4-5A7BA3B5D144}"
EndProject
Global
	GlobalSection(SolutionConfigurationPlatforms) = preSolution
		Debug|Any CPU = Debug|Any CPU
		Release|Any CPU = Release|Any CPU
	EndGlobalSection
	GlobalSection(ProjectConfigurationPlatforms) = postSolution
		{A50F6EB2-6DBB-4742-A2F4-5A7BA3B5D144}.Debug|Any CPU.ActiveCfg = Debug|Any CPU
		{A50F6EB2-6DBB-4742-A2F4-5A7BA3B5D144}.Debug|Any CPU.Build.0 = Debug|Any CPU
		{A50F6EB2-6DBB-4742-A2F4-5A7BA3B5D144}.Release|Any CPU.ActiveCfg = Release|Any CPU
		{A50F6EB2-6DBB-4742-A2F4-5A7BA3B5D144}.Release|Any CPU.Build.0 = Release|Any CPU
	EndGlobalSection
	GlobalSection(SolutionProperties) = preSolution
		HideSolutionNode = FALSE
	EndGlobalSection
	GlobalSection(ExtensibilityGlobals) = postSolution
		SolutionGuid = {573C3583-CFA7-4A5D-A221-E6CE563E770B}
	EndGlobalSection
EndGlobal
