
Microsoft Visual Studio Solution File, Format Version 12.00
# Visual Studio Version 17
VisualStudioVersion = 17.0.32014.148
MinimumVisualStudioVersion = 10.0.40219.1
Project("{F2A71F9B-5D33-465A-A702-920D77279786}") = "5.13", "5.13\5.13.fsproj", "{B13C645B-E956-4AB7-B698-49B75799107B}"
EndProject
Global
	GlobalSection(SolutionConfigurationPlatforms) = preSolution
		Debug|Any CPU = Debug|Any CPU
		Release|Any CPU = Release|Any CPU
	EndGlobalSection
	GlobalSection(ProjectConfigurationPlatforms) = postSolution
		{B13C645B-E956-4AB7-B698-49B75799107B}.Debug|Any CPU.ActiveCfg = Debug|Any CPU
		{B13C645B-E956-4AB7-B698-49B75799107B}.Debug|Any CPU.Build.0 = Debug|Any CPU
		{B13C645B-E956-4AB7-B698-49B75799107B}.Release|Any CPU.ActiveCfg = Release|Any CPU
		{B13C645B-E956-4AB7-B698-49B75799107B}.Release|Any CPU.Build.0 = Release|Any CPU
	EndGlobalSection
	GlobalSection(SolutionProperties) = preSolution
		HideSolutionNode = FALSE
	EndGlobalSection
	GlobalSection(ExtensibilityGlobals) = postSolution
		SolutionGuid = {2D38347E-78E0-4514-A08F-A1A60FA18E53}
	EndGlobalSection
EndGlobal
