
Microsoft Visual Studio Solution File, Format Version 12.00
# Visual Studio Version 17
VisualStudioVersion = 17.0.32014.148
MinimumVisualStudioVersion = 10.0.40219.1
Project("{F2A71F9B-5D33-465A-A702-920D77279786}") = "5.13", "5.13\5.13.fsproj", "{F53E3D8B-DCD3-442F-81E8-28FA28117114}"
EndProject
Global
	GlobalSection(SolutionConfigurationPlatforms) = preSolution
		Debug|Any CPU = Debug|Any CPU
		Release|Any CPU = Release|Any CPU
	EndGlobalSection
	GlobalSection(ProjectConfigurationPlatforms) = postSolution
		{F53E3D8B-DCD3-442F-81E8-28FA28117114}.Debug|Any CPU.ActiveCfg = Debug|Any CPU
		{F53E3D8B-DCD3-442F-81E8-28FA28117114}.Debug|Any CPU.Build.0 = Debug|Any CPU
		{F53E3D8B-DCD3-442F-81E8-28FA28117114}.Release|Any CPU.ActiveCfg = Release|Any CPU
		{F53E3D8B-DCD3-442F-81E8-28FA28117114}.Release|Any CPU.Build.0 = Release|Any CPU
	EndGlobalSection
	GlobalSection(SolutionProperties) = preSolution
		HideSolutionNode = FALSE
	EndGlobalSection
	GlobalSection(ExtensibilityGlobals) = postSolution
		SolutionGuid = {5F510FDE-E3C9-4AF6-97FB-16C67A02F388}
	EndGlobalSection
EndGlobal
