
Microsoft Visual Studio Solution File, Format Version 12.00
# Visual Studio Version 17
VisualStudioVersion = 17.0.32014.148
MinimumVisualStudioVersion = 10.0.40219.1
Project("{F2A71F9B-5D33-465A-A702-920D77279786}") = "6.5(15)", "6.5(15)\6.5(15).fsproj", "{C69624E8-A3C8-4D94-A89A-2627706B74EB}"
EndProject
Global
	GlobalSection(SolutionConfigurationPlatforms) = preSolution
		Debug|Any CPU = Debug|Any CPU
		Release|Any CPU = Release|Any CPU
	EndGlobalSection
	GlobalSection(ProjectConfigurationPlatforms) = postSolution
		{C69624E8-A3C8-4D94-A89A-2627706B74EB}.Debug|Any CPU.ActiveCfg = Debug|Any CPU
		{C69624E8-A3C8-4D94-A89A-2627706B74EB}.Debug|Any CPU.Build.0 = Debug|Any CPU
		{C69624E8-A3C8-4D94-A89A-2627706B74EB}.Release|Any CPU.ActiveCfg = Release|Any CPU
		{C69624E8-A3C8-4D94-A89A-2627706B74EB}.Release|Any CPU.Build.0 = Release|Any CPU
	EndGlobalSection
	GlobalSection(SolutionProperties) = preSolution
		HideSolutionNode = FALSE
	EndGlobalSection
	GlobalSection(ExtensibilityGlobals) = postSolution
		SolutionGuid = {579C50DB-A770-4512-8C1E-4CF5FD9732D5}
	EndGlobalSection
EndGlobal
