
Microsoft Visual Studio Solution File, Format Version 12.00
# Visual Studio Version 17
VisualStudioVersion = 17.0.32014.148
MinimumVisualStudioVersion = 10.0.40219.1
Project("{F2A71F9B-5D33-465A-A702-920D77279786}") = "7.17", "7.17\7.17.fsproj", "{0D949303-AC4B-4E89-A97B-B23EFE3C1B0A}"
EndProject
Global
	GlobalSection(SolutionConfigurationPlatforms) = preSolution
		Debug|Any CPU = Debug|Any CPU
		Release|Any CPU = Release|Any CPU
	EndGlobalSection
	GlobalSection(ProjectConfigurationPlatforms) = postSolution
		{0D949303-AC4B-4E89-A97B-B23EFE3C1B0A}.Debug|Any CPU.ActiveCfg = Debug|Any CPU
		{0D949303-AC4B-4E89-A97B-B23EFE3C1B0A}.Debug|Any CPU.Build.0 = Debug|Any CPU
		{0D949303-AC4B-4E89-A97B-B23EFE3C1B0A}.Release|Any CPU.ActiveCfg = Release|Any CPU
		{0D949303-AC4B-4E89-A97B-B23EFE3C1B0A}.Release|Any CPU.Build.0 = Release|Any CPU
	EndGlobalSection
	GlobalSection(SolutionProperties) = preSolution
		HideSolutionNode = FALSE
	EndGlobalSection
	GlobalSection(ExtensibilityGlobals) = postSolution
		SolutionGuid = {517E78BC-0D9C-4441-BD23-83D6E5169E52}
	EndGlobalSection
EndGlobal
