
Microsoft Visual Studio Solution File, Format Version 12.00
# Visual Studio Version 17
VisualStudioVersion = 17.0.32014.148
MinimumVisualStudioVersion = 10.0.40219.1
Project("{F2A71F9B-5D33-465A-A702-920D77279786}") = "7.13(24)", "7.13(24)\7.13(24).fsproj", "{599A833B-33E6-489D-8721-7AA79B803FA1}"
EndProject
Global
	GlobalSection(SolutionConfigurationPlatforms) = preSolution
		Debug|Any CPU = Debug|Any CPU
		Release|Any CPU = Release|Any CPU
	EndGlobalSection
	GlobalSection(ProjectConfigurationPlatforms) = postSolution
		{599A833B-33E6-489D-8721-7AA79B803FA1}.Debug|Any CPU.ActiveCfg = Debug|Any CPU
		{599A833B-33E6-489D-8721-7AA79B803FA1}.Debug|Any CPU.Build.0 = Debug|Any CPU
		{599A833B-33E6-489D-8721-7AA79B803FA1}.Release|Any CPU.ActiveCfg = Release|Any CPU
		{599A833B-33E6-489D-8721-7AA79B803FA1}.Release|Any CPU.Build.0 = Release|Any CPU
	EndGlobalSection
	GlobalSection(SolutionProperties) = preSolution
		HideSolutionNode = FALSE
	EndGlobalSection
	GlobalSection(ExtensibilityGlobals) = postSolution
		SolutionGuid = {260B0E5A-A4A0-4601-828E-335AA0DE9AE4}
	EndGlobalSection
EndGlobal
