
Microsoft Visual Studio Solution File, Format Version 12.00
# Visual Studio Version 17
VisualStudioVersion = 17.0.32014.148
MinimumVisualStudioVersion = 10.0.40219.1
Project("{F2A71F9B-5D33-465A-A702-920D77279786}") = "5.14v2", "5.14v2\5.14v2.fsproj", "{189FCFFC-AFC2-4388-8BFE-05C4B678CF99}"
EndProject
Global
	GlobalSection(SolutionConfigurationPlatforms) = preSolution
		Debug|Any CPU = Debug|Any CPU
		Release|Any CPU = Release|Any CPU
	EndGlobalSection
	GlobalSection(ProjectConfigurationPlatforms) = postSolution
		{189FCFFC-AFC2-4388-8BFE-05C4B678CF99}.Debug|Any CPU.ActiveCfg = Debug|Any CPU
		{189FCFFC-AFC2-4388-8BFE-05C4B678CF99}.Debug|Any CPU.Build.0 = Debug|Any CPU
		{189FCFFC-AFC2-4388-8BFE-05C4B678CF99}.Release|Any CPU.ActiveCfg = Release|Any CPU
		{189FCFFC-AFC2-4388-8BFE-05C4B678CF99}.Release|Any CPU.Build.0 = Release|Any CPU
	EndGlobalSection
	GlobalSection(SolutionProperties) = preSolution
		HideSolutionNode = FALSE
	EndGlobalSection
	GlobalSection(ExtensibilityGlobals) = postSolution
		SolutionGuid = {B6C975DD-2CF0-4C4B-BF44-0BE3550E35D1}
	EndGlobalSection
EndGlobal
