
Microsoft Visual Studio Solution File, Format Version 12.00
# Visual Studio Version 17
VisualStudioVersion = 17.0.32014.148
MinimumVisualStudioVersion = 10.0.40219.1
Project("{F2A71F9B-5D33-465A-A702-920D77279786}") = "6.9(52)", "6.9(52)\6.9(52).fsproj", "{D1E8995B-ABC1-4E29-8132-063AD8F34AD7}"
EndProject
Global
	GlobalSection(SolutionConfigurationPlatforms) = preSolution
		Debug|Any CPU = Debug|Any CPU
		Release|Any CPU = Release|Any CPU
	EndGlobalSection
	GlobalSection(ProjectConfigurationPlatforms) = postSolution
		{D1E8995B-ABC1-4E29-8132-063AD8F34AD7}.Debug|Any CPU.ActiveCfg = Debug|Any CPU
		{D1E8995B-ABC1-4E29-8132-063AD8F34AD7}.Debug|Any CPU.Build.0 = Debug|Any CPU
		{D1E8995B-ABC1-4E29-8132-063AD8F34AD7}.Release|Any CPU.ActiveCfg = Release|Any CPU
		{D1E8995B-ABC1-4E29-8132-063AD8F34AD7}.Release|Any CPU.Build.0 = Release|Any CPU
	EndGlobalSection
	GlobalSection(SolutionProperties) = preSolution
		HideSolutionNode = FALSE
	EndGlobalSection
	GlobalSection(ExtensibilityGlobals) = postSolution
		SolutionGuid = {B79350A3-D91F-4B18-81C0-F76644E03055}
	EndGlobalSection
EndGlobal
