
Microsoft Visual Studio Solution File, Format Version 12.00
# Visual Studio Version 17
VisualStudioVersion = 17.0.32014.148
MinimumVisualStudioVersion = 10.0.40219.1
Project("{F2A71F9B-5D33-465A-A702-920D77279786}") = "7.12(14)", "7.12(14)\7.12(14).fsproj", "{5F5F70D5-FCA4-4925-861F-216B56D7244C}"
EndProject
Global
	GlobalSection(SolutionConfigurationPlatforms) = preSolution
		Debug|Any CPU = Debug|Any CPU
		Release|Any CPU = Release|Any CPU
	EndGlobalSection
	GlobalSection(ProjectConfigurationPlatforms) = postSolution
		{5F5F70D5-FCA4-4925-861F-216B56D7244C}.Debug|Any CPU.ActiveCfg = Debug|Any CPU
		{5F5F70D5-FCA4-4925-861F-216B56D7244C}.Debug|Any CPU.Build.0 = Debug|Any CPU
		{5F5F70D5-FCA4-4925-861F-216B56D7244C}.Release|Any CPU.ActiveCfg = Release|Any CPU
		{5F5F70D5-FCA4-4925-861F-216B56D7244C}.Release|Any CPU.Build.0 = Release|Any CPU
	EndGlobalSection
	GlobalSection(SolutionProperties) = preSolution
		HideSolutionNode = FALSE
	EndGlobalSection
	GlobalSection(ExtensibilityGlobals) = postSolution
		SolutionGuid = {C2987D12-D901-4BDA-8D57-4B5A92F790E0}
	EndGlobalSection
EndGlobal
