
Microsoft Visual Studio Solution File, Format Version 12.00
# Visual Studio Version 17
VisualStudioVersion = 17.0.32014.148
MinimumVisualStudioVersion = 10.0.40219.1
Project("{F2A71F9B-5D33-465A-A702-920D77279786}") = "5.20", "5.20\5.20.fsproj", "{28746F44-D082-4FDA-A822-EDD97E1F16EC}"
EndProject
Global
	GlobalSection(SolutionConfigurationPlatforms) = preSolution
		Debug|Any CPU = Debug|Any CPU
		Release|Any CPU = Release|Any CPU
	EndGlobalSection
	GlobalSection(ProjectConfigurationPlatforms) = postSolution
		{28746F44-D082-4FDA-A822-EDD97E1F16EC}.Debug|Any CPU.ActiveCfg = Debug|Any CPU
		{28746F44-D082-4FDA-A822-EDD97E1F16EC}.Debug|Any CPU.Build.0 = Debug|Any CPU
		{28746F44-D082-4FDA-A822-EDD97E1F16EC}.Release|Any CPU.ActiveCfg = Release|Any CPU
		{28746F44-D082-4FDA-A822-EDD97E1F16EC}.Release|Any CPU.Build.0 = Release|Any CPU
	EndGlobalSection
	GlobalSection(SolutionProperties) = preSolution
		HideSolutionNode = FALSE
	EndGlobalSection
	GlobalSection(ExtensibilityGlobals) = postSolution
		SolutionGuid = {6B0949E0-17A8-4D0D-BE85-35B2ACC6AA01}
	EndGlobalSection
EndGlobal
